
Microsoft Visual Studio Solution File, Format Version 12.00
# Visual Studio Version 16
VisualStudioVersion = 16.0.32510.428
MinimumVisualStudioVersion = 10.0.40219.1
Project("{FAE04EC0-301F-11D3-BF4B-00C04F79EFBC}") = "appQLNhaThuoc", "appQLNhaThuoc\appQLNhaThuoc.csproj", "{979FCFB7-2F9E-4664-BC1D-CA419590D545}"
EndProject
Global
	GlobalSection(SolutionConfigurationPlatforms) = preSolution
		Debug|Any CPU = Debug|Any CPU
		Release|Any CPU = Release|Any CPU
	EndGlobalSection
	GlobalSection(ProjectConfigurationPlatforms) = postSolution
		{979FCFB7-2F9E-4664-BC1D-CA419590D545}.Debug|Any CPU.ActiveCfg = Debug|Any CPU
		{979FCFB7-2F9E-4664-BC1D-CA419590D545}.Debug|Any CPU.Build.0 = Debug|Any CPU
		{979FCFB7-2F9E-4664-BC1D-CA419590D545}.Release|Any CPU.ActiveCfg = Release|Any CPU
		{979FCFB7-2F9E-4664-BC1D-CA419590D545}.Release|Any CPU.Build.0 = Release|Any CPU
	EndGlobalSection
	GlobalSection(SolutionProperties) = preSolution
		HideSolutionNode = FALSE
	EndGlobalSection
	GlobalSection(ExtensibilityGlobals) = postSolution
		SolutionGuid = {447CF091-7257-4E65-91E1-F0DBA2469618}
	EndGlobalSection
EndGlobal
